
Microsoft Visual Studio Solution File, Format Version 12.00
# Visual Studio 15
VisualStudioVersion = 15.0.28307.271
MinimumVisualStudioVersion = 10.0.40219.1
Project("{888888A0-9F3D-457C-B088-3A5042F75D52}") = "Wrapper_to_Form", "Wrapper_to_Form\Wrapper_to_Form.pyproj", "{62DCBE5F-5E53-498A-9761-F024A479DD58}"
EndProject
Global
	GlobalSection(SolutionConfigurationPlatforms) = preSolution
		Debug|Any CPU = Debug|Any CPU
		Release|Any CPU = Release|Any CPU
	EndGlobalSection
	GlobalSection(ProjectConfigurationPlatforms) = postSolution
		{62DCBE5F-5E53-498A-9761-F024A479DD58}.Debug|Any CPU.ActiveCfg = Debug|Any CPU
		{62DCBE5F-5E53-498A-9761-F024A479DD58}.Debug|Any CPU.Build.0 = Debug|Any CPU
		{62DCBE5F-5E53-498A-9761-F024A479DD58}.Release|Any CPU.ActiveCfg = Release|Any CPU
		{62DCBE5F-5E53-498A-9761-F024A479DD58}.Release|Any CPU.Build.0 = Release|Any CPU
	EndGlobalSection
	GlobalSection(SolutionProperties) = preSolution
		HideSolutionNode = FALSE
	EndGlobalSection
	GlobalSection(ExtensibilityGlobals) = postSolution
		SolutionGuid = {AFE3B253-14FD-41D7-B096-7BC4C055321A}
	EndGlobalSection
EndGlobal
